
Microsoft Visual Studio Solution File, Format Version 12.00
Project("{FAE04EC0-301F-11D3-BF4B-00C04F79EFBC}") = "TravelAssistant", "TravelAssistant.csproj", "{84566404-77A6-41C0-8475-67E50EF827AB}"
EndProject
Project("{FAE04EC0-301F-11D3-BF4B-00C04F79EFBC}") = "TravelAssistant.Tests", "TravelAssistant.Tests\TravelAssistant.Tests.csproj", "{D22158D1-868A-49B4-A58B-F9A7EC35CD62}"
EndProject
Global
	GlobalSection(SolutionConfigurationPlatforms) = preSolution
		Debug|Any CPU = Debug|Any CPU
		Release|Any CPU = Release|Any CPU
	EndGlobalSection
	GlobalSection(ProjectConfigurationPlatforms) = postSolution
		{84566404-77A6-41C0-8475-67E50EF827AB}.Debug|Any CPU.ActiveCfg = Debug|Any CPU
		{84566404-77A6-41C0-8475-67E50EF827AB}.Debug|Any CPU.Build.0 = Debug|Any CPU
		{84566404-77A6-41C0-8475-67E50EF827AB}.Release|Any CPU.ActiveCfg = Release|Any CPU
		{84566404-77A6-41C0-8475-67E50EF827AB}.Release|Any CPU.Build.0 = Release|Any CPU
		{D22158D1-868A-49B4-A58B-F9A7EC35CD62}.Debug|Any CPU.ActiveCfg = Debug|Any CPU
		{D22158D1-868A-49B4-A58B-F9A7EC35CD62}.Debug|Any CPU.Build.0 = Debug|Any CPU
		{D22158D1-868A-49B4-A58B-F9A7EC35CD62}.Release|Any CPU.ActiveCfg = Release|Any CPU
		{D22158D1-868A-49B4-A58B-F9A7EC35CD62}.Release|Any CPU.Build.0 = Release|Any CPU
	EndGlobalSection
EndGlobal
